
Microsoft Visual Studio Solution File, Format Version 11.00
# Visual Studio 2010
Project("{FAE04EC0-301F-11D3-BF4B-00C04F79EFBC}") = "Db40Spike.Specs", "Db40Spike.Specs\Db40Spike.Specs.csproj", "{73320B29-FB5A-47EE-8B33-75E87584BEE3}"
EndProject
Project("{FAE04EC0-301F-11D3-BF4B-00C04F79EFBC}") = "Db40Spike.Domain", "Db40Spike.Domain\Db40Spike.Domain.csproj", "{9470AFC5-2135-46D6-8D26-AE801389035A}"
EndProject
Project("{FAE04EC0-301F-11D3-BF4B-00C04F79EFBC}") = "Db40Spike.Web", "Db40Spike.Web\Db40Spike.Web.csproj", "{A7F79C03-8BE8-4159-8BE4-D09E06B5A55C}"
EndProject
Project("{FAE04EC0-301F-11D3-BF4B-00C04F79EFBC}") = "Db40Spike.Infrastructure", "Db40Spike.Infrastructure\Db40Spike.Infrastructure.csproj", "{B2A66B1B-1D5B-4E6E-8D4D-32BD48531241}"
EndProject
Global
	GlobalSection(SolutionConfigurationPlatforms) = preSolution
		Debug|Any CPU = Debug|Any CPU
		Release|Any CPU = Release|Any CPU
	EndGlobalSection
	GlobalSection(ProjectConfigurationPlatforms) = postSolution
		{73320B29-FB5A-47EE-8B33-75E87584BEE3}.Debug|Any CPU.ActiveCfg = Debug|Any CPU
		{73320B29-FB5A-47EE-8B33-75E87584BEE3}.Debug|Any CPU.Build.0 = Debug|Any CPU
		{73320B29-FB5A-47EE-8B33-75E87584BEE3}.Release|Any CPU.ActiveCfg = Release|Any CPU
		{73320B29-FB5A-47EE-8B33-75E87584BEE3}.Release|Any CPU.Build.0 = Release|Any CPU
		{9470AFC5-2135-46D6-8D26-AE801389035A}.Debug|Any CPU.ActiveCfg = Debug|Any CPU
		{9470AFC5-2135-46D6-8D26-AE801389035A}.Debug|Any CPU.Build.0 = Debug|Any CPU
		{9470AFC5-2135-46D6-8D26-AE801389035A}.Release|Any CPU.ActiveCfg = Release|Any CPU
		{9470AFC5-2135-46D6-8D26-AE801389035A}.Release|Any CPU.Build.0 = Release|Any CPU
		{A7F79C03-8BE8-4159-8BE4-D09E06B5A55C}.Debug|Any CPU.ActiveCfg = Debug|Any CPU
		{A7F79C03-8BE8-4159-8BE4-D09E06B5A55C}.Debug|Any CPU.Build.0 = Debug|Any CPU
		{A7F79C03-8BE8-4159-8BE4-D09E06B5A55C}.Release|Any CPU.ActiveCfg = Release|Any CPU
		{A7F79C03-8BE8-4159-8BE4-D09E06B5A55C}.Release|Any CPU.Build.0 = Release|Any CPU
		{B2A66B1B-1D5B-4E6E-8D4D-32BD48531241}.Debug|Any CPU.ActiveCfg = Debug|Any CPU
		{B2A66B1B-1D5B-4E6E-8D4D-32BD48531241}.Debug|Any CPU.Build.0 = Debug|Any CPU
		{B2A66B1B-1D5B-4E6E-8D4D-32BD48531241}.Release|Any CPU.ActiveCfg = Release|Any CPU
		{B2A66B1B-1D5B-4E6E-8D4D-32BD48531241}.Release|Any CPU.Build.0 = Release|Any CPU
	EndGlobalSection
	GlobalSection(SolutionProperties) = preSolution
		HideSolutionNode = FALSE
	EndGlobalSection
EndGlobal
